
Microsoft Visual Studio Solution File, Format Version 12.00
# Visual Studio Version 17
VisualStudioVersion = 17.13.35818.85 d17.13
MinimumVisualStudioVersion = 10.0.40219.1
Project("{2150E333-8FDC-42A3-9474-1A3956D46DE8}") = "src", "src", "{02EA681E-C7D8-13C7-8484-4AC65E1B71E8}"
EndProject
Project("{2150E333-8FDC-42A3-9474-1A3956D46DE8}") = "Building Block", "Building Block", "{EEBCEA0A-1BB4-47C3-A99A-DB5493A09B62}"
EndProject
Project("{2150E333-8FDC-42A3-9474-1A3956D46DE8}") = "Services", "Services", "{4C1693B4-8E13-4514-A5D7-8D5FBC9A380B}"
EndProject
Project("{2150E333-8FDC-42A3-9474-1A3956D46DE8}") = "Web", "Web", "{AAC0B578-3D60-4215-A4C7-38C4A75A785D}"
EndProject
Project("{2150E333-8FDC-42A3-9474-1A3956D46DE8}") = "Identidade", "Identidade", "{CBAFB768-90B4-4A32-9D3E-7B3B3F4FF398}"
EndProject
Project("{FAE04EC0-301F-11D3-BF4B-00C04F79EFBC}") = "NSE.Identidade.API", "src\services\NSE.Identidade.API\NSE.Identidade.API\NSE.Identidade.API.csproj", "{955713DA-9882-44F9-8CF1-BA5DAFFD0D8C}"
EndProject
Project("{2150E333-8FDC-42A3-9474-1A3956D46DE8}") = "MVC", "MVC", "{70E63A9A-0A02-4456-9936-C64CE92C61DE}"
EndProject
Project("{FAE04EC0-301F-11D3-BF4B-00C04F79EFBC}") = "NSE.WebApp.MVC", "src\web\NSE.WebApp.MVC\NSE.WebApp.MVC.csproj", "{F5CB07FC-32DF-41C6-9F56-9D31A6EF2FEA}"
EndProject
Project("{2150E333-8FDC-42A3-9474-1A3956D46DE8}") = "Core", "Core", "{FAED5B90-5FE4-4E65-85EA-B3FF4B7801EE}"
EndProject
Project("{FAE04EC0-301F-11D3-BF4B-00C04F79EFBC}") = "NSE.Core", "src\building blocks\NSE.Core\NSE.Core.csproj", "{BBF5A092-3230-4406-AF31-06AB1E8EDBAA}"
EndProject
Project("{2150E333-8FDC-42A3-9474-1A3956D46DE8}") = "Carrinho", "Carrinho", "{826EE73F-6953-4938-9D90-452E61F67976}"
EndProject
Project("{2150E333-8FDC-42A3-9474-1A3956D46DE8}") = "Catalogo", "Catalogo", "{FAD708EB-263E-4AFE-A28B-BEE2EBA44409}"
EndProject
Project("{2150E333-8FDC-42A3-9474-1A3956D46DE8}") = "Cliente", "Cliente", "{4380E1FD-28CE-4EC9-B53D-092658F79A39}"
EndProject
Project("{2150E333-8FDC-42A3-9474-1A3956D46DE8}") = "Pagamento", "Pagamento", "{1276F440-8710-417C-B1E7-5553A5E67DE3}"
EndProject
Project("{2150E333-8FDC-42A3-9474-1A3956D46DE8}") = "Pedido", "Pedido", "{1AE777E4-D1B7-4B49-B95E-AA0FD10F943E}"
EndProject
Project("{FAE04EC0-301F-11D3-BF4B-00C04F79EFBC}") = "NSE.Carrinho.API", "src\services\NSE.Carrinho.API\NSE.Carrinho.API.csproj", "{39887187-57D3-4581-AAF8-D6B6E2D4DDB8}"
EndProject
Project("{FAE04EC0-301F-11D3-BF4B-00C04F79EFBC}") = "NSE.Catalogo.API", "src\services\NSE.Catalogo.API\NSE.Catalogo.API.csproj", "{DEBD1C65-20F2-492D-A058-A598438F2943}"
EndProject
Project("{FAE04EC0-301F-11D3-BF4B-00C04F79EFBC}") = "NSE.Cliente.API", "src\services\NSE.Cliente.API\NSE.Cliente.API.csproj", "{7754CAD3-4E29-46BC-98D6-720BD4562BDC}"
EndProject
Project("{FAE04EC0-301F-11D3-BF4B-00C04F79EFBC}") = "NSE.Pagamento.API", "src\services\NSE.Pagamento.API\NSE.Pagamento.API.csproj", "{851251D0-8597-499C-ACB3-98273E775067}"
EndProject
Project("{FAE04EC0-301F-11D3-BF4B-00C04F79EFBC}") = "NSE.Pedido.API", "src\services\NSE.Pedido.API\NSE.Pedido.API.csproj", "{FDE12E20-3097-4170-AA04-2AFF37845F13}"
EndProject
Global
	GlobalSection(SolutionConfigurationPlatforms) = preSolution
		Debug|Any CPU = Debug|Any CPU
		Release|Any CPU = Release|Any CPU
	EndGlobalSection
	GlobalSection(ProjectConfigurationPlatforms) = postSolution
		{955713DA-9882-44F9-8CF1-BA5DAFFD0D8C}.Debug|Any CPU.ActiveCfg = Debug|Any CPU
		{955713DA-9882-44F9-8CF1-BA5DAFFD0D8C}.Debug|Any CPU.Build.0 = Debug|Any CPU
		{955713DA-9882-44F9-8CF1-BA5DAFFD0D8C}.Release|Any CPU.ActiveCfg = Release|Any CPU
		{955713DA-9882-44F9-8CF1-BA5DAFFD0D8C}.Release|Any CPU.Build.0 = Release|Any CPU
		{F5CB07FC-32DF-41C6-9F56-9D31A6EF2FEA}.Debug|Any CPU.ActiveCfg = Debug|Any CPU
		{F5CB07FC-32DF-41C6-9F56-9D31A6EF2FEA}.Debug|Any CPU.Build.0 = Debug|Any CPU
		{F5CB07FC-32DF-41C6-9F56-9D31A6EF2FEA}.Release|Any CPU.ActiveCfg = Release|Any CPU
		{F5CB07FC-32DF-41C6-9F56-9D31A6EF2FEA}.Release|Any CPU.Build.0 = Release|Any CPU
		{BBF5A092-3230-4406-AF31-06AB1E8EDBAA}.Debug|Any CPU.ActiveCfg = Debug|Any CPU
		{BBF5A092-3230-4406-AF31-06AB1E8EDBAA}.Debug|Any CPU.Build.0 = Debug|Any CPU
		{BBF5A092-3230-4406-AF31-06AB1E8EDBAA}.Release|Any CPU.ActiveCfg = Release|Any CPU
		{BBF5A092-3230-4406-AF31-06AB1E8EDBAA}.Release|Any CPU.Build.0 = Release|Any CPU
		{39887187-57D3-4581-AAF8-D6B6E2D4DDB8}.Debug|Any CPU.ActiveCfg = Debug|Any CPU
		{39887187-57D3-4581-AAF8-D6B6E2D4DDB8}.Debug|Any CPU.Build.0 = Debug|Any CPU
		{39887187-57D3-4581-AAF8-D6B6E2D4DDB8}.Release|Any CPU.ActiveCfg = Release|Any CPU
		{39887187-57D3-4581-AAF8-D6B6E2D4DDB8}.Release|Any CPU.Build.0 = Release|Any CPU
		{DEBD1C65-20F2-492D-A058-A598438F2943}.Debug|Any CPU.ActiveCfg = Debug|Any CPU
		{DEBD1C65-20F2-492D-A058-A598438F2943}.Debug|Any CPU.Build.0 = Debug|Any CPU
		{DEBD1C65-20F2-492D-A058-A598438F2943}.Release|Any CPU.ActiveCfg = Release|Any CPU
		{DEBD1C65-20F2-492D-A058-A598438F2943}.Release|Any CPU.Build.0 = Release|Any CPU
		{7754CAD3-4E29-46BC-98D6-720BD4562BDC}.Debug|Any CPU.ActiveCfg = Debug|Any CPU
		{7754CAD3-4E29-46BC-98D6-720BD4562BDC}.Debug|Any CPU.Build.0 = Debug|Any CPU
		{7754CAD3-4E29-46BC-98D6-720BD4562BDC}.Release|Any CPU.ActiveCfg = Release|Any CPU
		{7754CAD3-4E29-46BC-98D6-720BD4562BDC}.Release|Any CPU.Build.0 = Release|Any CPU
		{851251D0-8597-499C-ACB3-98273E775067}.Debug|Any CPU.ActiveCfg = Debug|Any CPU
		{851251D0-8597-499C-ACB3-98273E775067}.Debug|Any CPU.Build.0 = Debug|Any CPU
		{851251D0-8597-499C-ACB3-98273E775067}.Release|Any CPU.ActiveCfg = Release|Any CPU
		{851251D0-8597-499C-ACB3-98273E775067}.Release|Any CPU.Build.0 = Release|Any CPU
		{FDE12E20-3097-4170-AA04-2AFF37845F13}.Debug|Any CPU.ActiveCfg = Debug|Any CPU
		{FDE12E20-3097-4170-AA04-2AFF37845F13}.Debug|Any CPU.Build.0 = Debug|Any CPU
		{FDE12E20-3097-4170-AA04-2AFF37845F13}.Release|Any CPU.ActiveCfg = Release|Any CPU
		{FDE12E20-3097-4170-AA04-2AFF37845F13}.Release|Any CPU.Build.0 = Release|Any CPU
	EndGlobalSection
	GlobalSection(SolutionProperties) = preSolution
		HideSolutionNode = FALSE
	EndGlobalSection
	GlobalSection(NestedProjects) = preSolution
		{EEBCEA0A-1BB4-47C3-A99A-DB5493A09B62} = {02EA681E-C7D8-13C7-8484-4AC65E1B71E8}
		{4C1693B4-8E13-4514-A5D7-8D5FBC9A380B} = {02EA681E-C7D8-13C7-8484-4AC65E1B71E8}
		{AAC0B578-3D60-4215-A4C7-38C4A75A785D} = {02EA681E-C7D8-13C7-8484-4AC65E1B71E8}
		{CBAFB768-90B4-4A32-9D3E-7B3B3F4FF398} = {4C1693B4-8E13-4514-A5D7-8D5FBC9A380B}
		{955713DA-9882-44F9-8CF1-BA5DAFFD0D8C} = {CBAFB768-90B4-4A32-9D3E-7B3B3F4FF398}
		{70E63A9A-0A02-4456-9936-C64CE92C61DE} = {AAC0B578-3D60-4215-A4C7-38C4A75A785D}
		{F5CB07FC-32DF-41C6-9F56-9D31A6EF2FEA} = {70E63A9A-0A02-4456-9936-C64CE92C61DE}
		{FAED5B90-5FE4-4E65-85EA-B3FF4B7801EE} = {EEBCEA0A-1BB4-47C3-A99A-DB5493A09B62}
		{BBF5A092-3230-4406-AF31-06AB1E8EDBAA} = {FAED5B90-5FE4-4E65-85EA-B3FF4B7801EE}
		{826EE73F-6953-4938-9D90-452E61F67976} = {4C1693B4-8E13-4514-A5D7-8D5FBC9A380B}
		{FAD708EB-263E-4AFE-A28B-BEE2EBA44409} = {4C1693B4-8E13-4514-A5D7-8D5FBC9A380B}
		{4380E1FD-28CE-4EC9-B53D-092658F79A39} = {4C1693B4-8E13-4514-A5D7-8D5FBC9A380B}
		{1276F440-8710-417C-B1E7-5553A5E67DE3} = {4C1693B4-8E13-4514-A5D7-8D5FBC9A380B}
		{1AE777E4-D1B7-4B49-B95E-AA0FD10F943E} = {4C1693B4-8E13-4514-A5D7-8D5FBC9A380B}
		{39887187-57D3-4581-AAF8-D6B6E2D4DDB8} = {826EE73F-6953-4938-9D90-452E61F67976}
		{DEBD1C65-20F2-492D-A058-A598438F2943} = {FAD708EB-263E-4AFE-A28B-BEE2EBA44409}
		{7754CAD3-4E29-46BC-98D6-720BD4562BDC} = {4380E1FD-28CE-4EC9-B53D-092658F79A39}
		{851251D0-8597-499C-ACB3-98273E775067} = {1276F440-8710-417C-B1E7-5553A5E67DE3}
		{FDE12E20-3097-4170-AA04-2AFF37845F13} = {1AE777E4-D1B7-4B49-B95E-AA0FD10F943E}
	EndGlobalSection
	GlobalSection(ExtensibilityGlobals) = postSolution
		SolutionGuid = {C1CC7375-015B-4AFA-984A-B1B52ACD687A}
	EndGlobalSection
EndGlobal
